
Microsoft Visual Studio Solution File, Format Version 12.00
# Visual Studio 2013
VisualStudioVersion = 12.0.30501.0
MinimumVisualStudioVersion = 10.0.40219.1
Project("{FAE04EC0-301F-11D3-BF4B-00C04F79EFBC}") = "nsapp.body", "nsapp.body\nsapp.body.csproj", "{EFFAA6B8-359A-4CCF-9B6E-07BBDDDD798D}"
EndProject
Project("{2150E333-8FDC-42A3-9474-1A3956D46DE8}") = "components", "components", "{934C67C9-376D-43D2-8EF2-02721F818930}"
EndProject
Project("{FAE04EC0-301F-11D3-BF4B-00C04F79EFBC}") = "Contract", "..\Contract\Contract\Contract.csproj", "{9B4B0517-C1E1-4BD4-8DAE-A26318D29C72}"
EndProject
Project("{FAE04EC0-301F-11D3-BF4B-00C04F79EFBC}") = "EventStore", "..\EventStore\EventStore\EventStore.csproj", "{93FA69C1-B9D7-49A8-8CB0-8BC0B171F507}"
EndProject
Project("{FAE04EC0-301F-11D3-BF4B-00C04F79EFBC}") = "Repository", "..\Repository\Repository\Repository.csproj", "{A2BFC56E-D90E-4C3D-909F-5F10B9A2ABD7}"
EndProject
Project("{FAE04EC0-301F-11D3-BF4B-00C04F79EFBC}") = "nsapp.body.test", "nsapp.body.test\nsapp.body.test.csproj", "{E381B010-74FE-4603-AD5A-94AC0B405A5F}"
EndProject
Project("{FAE04EC0-301F-11D3-BF4B-00C04F79EFBC}") = "nsapp.console", "nsapp.console\nsapp.console.csproj", "{68F81911-2202-4842-839E-830D6153C2C2}"
EndProject
Global
	GlobalSection(SolutionConfigurationPlatforms) = preSolution
		Debug|Any CPU = Debug|Any CPU
		Release|Any CPU = Release|Any CPU
	EndGlobalSection
	GlobalSection(ProjectConfigurationPlatforms) = postSolution
		{EFFAA6B8-359A-4CCF-9B6E-07BBDDDD798D}.Debug|Any CPU.ActiveCfg = Debug|Any CPU
		{EFFAA6B8-359A-4CCF-9B6E-07BBDDDD798D}.Debug|Any CPU.Build.0 = Debug|Any CPU
		{EFFAA6B8-359A-4CCF-9B6E-07BBDDDD798D}.Release|Any CPU.ActiveCfg = Release|Any CPU
		{EFFAA6B8-359A-4CCF-9B6E-07BBDDDD798D}.Release|Any CPU.Build.0 = Release|Any CPU
		{9B4B0517-C1E1-4BD4-8DAE-A26318D29C72}.Debug|Any CPU.ActiveCfg = Debug|Any CPU
		{9B4B0517-C1E1-4BD4-8DAE-A26318D29C72}.Debug|Any CPU.Build.0 = Debug|Any CPU
		{9B4B0517-C1E1-4BD4-8DAE-A26318D29C72}.Release|Any CPU.ActiveCfg = Release|Any CPU
		{9B4B0517-C1E1-4BD4-8DAE-A26318D29C72}.Release|Any CPU.Build.0 = Release|Any CPU
		{93FA69C1-B9D7-49A8-8CB0-8BC0B171F507}.Debug|Any CPU.ActiveCfg = Debug|Any CPU
		{93FA69C1-B9D7-49A8-8CB0-8BC0B171F507}.Debug|Any CPU.Build.0 = Debug|Any CPU
		{93FA69C1-B9D7-49A8-8CB0-8BC0B171F507}.Release|Any CPU.ActiveCfg = Release|Any CPU
		{93FA69C1-B9D7-49A8-8CB0-8BC0B171F507}.Release|Any CPU.Build.0 = Release|Any CPU
		{A2BFC56E-D90E-4C3D-909F-5F10B9A2ABD7}.Debug|Any CPU.ActiveCfg = Debug|Any CPU
		{A2BFC56E-D90E-4C3D-909F-5F10B9A2ABD7}.Debug|Any CPU.Build.0 = Debug|Any CPU
		{A2BFC56E-D90E-4C3D-909F-5F10B9A2ABD7}.Release|Any CPU.ActiveCfg = Release|Any CPU
		{A2BFC56E-D90E-4C3D-909F-5F10B9A2ABD7}.Release|Any CPU.Build.0 = Release|Any CPU
		{E381B010-74FE-4603-AD5A-94AC0B405A5F}.Debug|Any CPU.ActiveCfg = Debug|Any CPU
		{E381B010-74FE-4603-AD5A-94AC0B405A5F}.Debug|Any CPU.Build.0 = Debug|Any CPU
		{E381B010-74FE-4603-AD5A-94AC0B405A5F}.Release|Any CPU.ActiveCfg = Release|Any CPU
		{E381B010-74FE-4603-AD5A-94AC0B405A5F}.Release|Any CPU.Build.0 = Release|Any CPU
		{68F81911-2202-4842-839E-830D6153C2C2}.Debug|Any CPU.ActiveCfg = Debug|Any CPU
		{68F81911-2202-4842-839E-830D6153C2C2}.Debug|Any CPU.Build.0 = Debug|Any CPU
		{68F81911-2202-4842-839E-830D6153C2C2}.Release|Any CPU.ActiveCfg = Release|Any CPU
		{68F81911-2202-4842-839E-830D6153C2C2}.Release|Any CPU.Build.0 = Release|Any CPU
	EndGlobalSection
	GlobalSection(SolutionProperties) = preSolution
		HideSolutionNode = FALSE
	EndGlobalSection
	GlobalSection(NestedProjects) = preSolution
		{9B4B0517-C1E1-4BD4-8DAE-A26318D29C72} = {934C67C9-376D-43D2-8EF2-02721F818930}
		{93FA69C1-B9D7-49A8-8CB0-8BC0B171F507} = {934C67C9-376D-43D2-8EF2-02721F818930}
		{A2BFC56E-D90E-4C3D-909F-5F10B9A2ABD7} = {934C67C9-376D-43D2-8EF2-02721F818930}
	EndGlobalSection
EndGlobal
