
Microsoft Visual Studio Solution File, Format Version 12.00
# Visual Studio 2013
VisualStudioVersion = 12.0.30501.0
MinimumVisualStudioVersion = 10.0.40219.1
Project("{FAE04EC0-301F-11D3-BF4B-00C04F79EFBC}") = "afapp.body", "afapp.body\afapp.body.csproj", "{938D9AD7-0D94-41DC-A6C1-56CA70DA4A4A}"
EndProject
Project("{FAE04EC0-301F-11D3-BF4B-00C04F79EFBC}") = "afapp.console", "afapp.console\afapp.console.csproj", "{44F76B8A-2290-4385-8174-11A5A972457D}"
EndProject
Project("{FAE04EC0-301F-11D3-BF4B-00C04F79EFBC}") = "afapp.body.test", "afapp.body.test\afapp.body.test.csproj", "{0C91D5D3-E7CB-427A-8726-840058E8C620}"
EndProject
Project("{2150E333-8FDC-42A3-9474-1A3956D46DE8}") = "components", "components", "{AF731A88-BD14-4428-8D2A-E80CB2FF440D}"
EndProject
Project("{FAE04EC0-301F-11D3-BF4B-00C04F79EFBC}") = "EventStore", "..\EventStore\EventStore\EventStore.csproj", "{93FA69C1-B9D7-49A8-8CB0-8BC0B171F507}"
EndProject
Project("{FAE04EC0-301F-11D3-BF4B-00C04F79EFBC}") = "Repository", "..\Repository\Repository\Repository.csproj", "{A2BFC56E-D90E-4C3D-909F-5F10B9A2ABD7}"
EndProject
Project("{FAE04EC0-301F-11D3-BF4B-00C04F79EFBC}") = "Contract", "..\Contract\Contract\Contract.csproj", "{9B4B0517-C1E1-4BD4-8DAE-A26318D29C72}"
EndProject
Project("{2150E333-8FDC-42A3-9474-1A3956D46DE8}") = "componentsTests", "componentsTests", "{43EAD5F0-5917-41D0-AD4C-2D1CE9EF9F15}"
EndProject
Project("{FAE04EC0-301F-11D3-BF4B-00C04F79EFBC}") = "EventStore.Test", "..\EventStore\EventStore.Test\EventStore.Test.csproj", "{1D2A32E7-7FB4-4ECA-AB44-FF918BE6B193}"
EndProject
Project("{FAE04EC0-301F-11D3-BF4B-00C04F79EFBC}") = "coapp.body", "..\coapp\coapp.body\coapp.body.csproj", "{FFBE14A5-F655-42FA-AF98-4B40631CEEA7}"
EndProject
Global
	GlobalSection(SolutionConfigurationPlatforms) = preSolution
		Debug|Any CPU = Debug|Any CPU
		Release|Any CPU = Release|Any CPU
	EndGlobalSection
	GlobalSection(ProjectConfigurationPlatforms) = postSolution
		{938D9AD7-0D94-41DC-A6C1-56CA70DA4A4A}.Debug|Any CPU.ActiveCfg = Debug|Any CPU
		{938D9AD7-0D94-41DC-A6C1-56CA70DA4A4A}.Debug|Any CPU.Build.0 = Debug|Any CPU
		{938D9AD7-0D94-41DC-A6C1-56CA70DA4A4A}.Release|Any CPU.ActiveCfg = Release|Any CPU
		{938D9AD7-0D94-41DC-A6C1-56CA70DA4A4A}.Release|Any CPU.Build.0 = Release|Any CPU
		{44F76B8A-2290-4385-8174-11A5A972457D}.Debug|Any CPU.ActiveCfg = Debug|Any CPU
		{44F76B8A-2290-4385-8174-11A5A972457D}.Debug|Any CPU.Build.0 = Debug|Any CPU
		{44F76B8A-2290-4385-8174-11A5A972457D}.Release|Any CPU.ActiveCfg = Release|Any CPU
		{44F76B8A-2290-4385-8174-11A5A972457D}.Release|Any CPU.Build.0 = Release|Any CPU
		{0C91D5D3-E7CB-427A-8726-840058E8C620}.Debug|Any CPU.ActiveCfg = Debug|Any CPU
		{0C91D5D3-E7CB-427A-8726-840058E8C620}.Debug|Any CPU.Build.0 = Debug|Any CPU
		{0C91D5D3-E7CB-427A-8726-840058E8C620}.Release|Any CPU.ActiveCfg = Release|Any CPU
		{0C91D5D3-E7CB-427A-8726-840058E8C620}.Release|Any CPU.Build.0 = Release|Any CPU
		{93FA69C1-B9D7-49A8-8CB0-8BC0B171F507}.Debug|Any CPU.ActiveCfg = Debug|Any CPU
		{93FA69C1-B9D7-49A8-8CB0-8BC0B171F507}.Debug|Any CPU.Build.0 = Debug|Any CPU
		{93FA69C1-B9D7-49A8-8CB0-8BC0B171F507}.Release|Any CPU.ActiveCfg = Release|Any CPU
		{93FA69C1-B9D7-49A8-8CB0-8BC0B171F507}.Release|Any CPU.Build.0 = Release|Any CPU
		{A2BFC56E-D90E-4C3D-909F-5F10B9A2ABD7}.Debug|Any CPU.ActiveCfg = Debug|Any CPU
		{A2BFC56E-D90E-4C3D-909F-5F10B9A2ABD7}.Debug|Any CPU.Build.0 = Debug|Any CPU
		{A2BFC56E-D90E-4C3D-909F-5F10B9A2ABD7}.Release|Any CPU.ActiveCfg = Release|Any CPU
		{A2BFC56E-D90E-4C3D-909F-5F10B9A2ABD7}.Release|Any CPU.Build.0 = Release|Any CPU
		{9B4B0517-C1E1-4BD4-8DAE-A26318D29C72}.Debug|Any CPU.ActiveCfg = Debug|Any CPU
		{9B4B0517-C1E1-4BD4-8DAE-A26318D29C72}.Debug|Any CPU.Build.0 = Debug|Any CPU
		{9B4B0517-C1E1-4BD4-8DAE-A26318D29C72}.Release|Any CPU.ActiveCfg = Release|Any CPU
		{9B4B0517-C1E1-4BD4-8DAE-A26318D29C72}.Release|Any CPU.Build.0 = Release|Any CPU
		{1D2A32E7-7FB4-4ECA-AB44-FF918BE6B193}.Debug|Any CPU.ActiveCfg = Debug|Any CPU
		{1D2A32E7-7FB4-4ECA-AB44-FF918BE6B193}.Debug|Any CPU.Build.0 = Debug|Any CPU
		{1D2A32E7-7FB4-4ECA-AB44-FF918BE6B193}.Release|Any CPU.ActiveCfg = Release|Any CPU
		{1D2A32E7-7FB4-4ECA-AB44-FF918BE6B193}.Release|Any CPU.Build.0 = Release|Any CPU
		{FFBE14A5-F655-42FA-AF98-4B40631CEEA7}.Debug|Any CPU.ActiveCfg = Debug|Any CPU
		{FFBE14A5-F655-42FA-AF98-4B40631CEEA7}.Debug|Any CPU.Build.0 = Debug|Any CPU
		{FFBE14A5-F655-42FA-AF98-4B40631CEEA7}.Release|Any CPU.ActiveCfg = Release|Any CPU
		{FFBE14A5-F655-42FA-AF98-4B40631CEEA7}.Release|Any CPU.Build.0 = Release|Any CPU
	EndGlobalSection
	GlobalSection(SolutionProperties) = preSolution
		HideSolutionNode = FALSE
	EndGlobalSection
	GlobalSection(NestedProjects) = preSolution
		{93FA69C1-B9D7-49A8-8CB0-8BC0B171F507} = {AF731A88-BD14-4428-8D2A-E80CB2FF440D}
		{A2BFC56E-D90E-4C3D-909F-5F10B9A2ABD7} = {AF731A88-BD14-4428-8D2A-E80CB2FF440D}
		{9B4B0517-C1E1-4BD4-8DAE-A26318D29C72} = {AF731A88-BD14-4428-8D2A-E80CB2FF440D}
		{1D2A32E7-7FB4-4ECA-AB44-FF918BE6B193} = {43EAD5F0-5917-41D0-AD4C-2D1CE9EF9F15}
		{FFBE14A5-F655-42FA-AF98-4B40631CEEA7} = {AF731A88-BD14-4428-8D2A-E80CB2FF440D}
	EndGlobalSection
EndGlobal
