
Microsoft Visual Studio Solution File, Format Version 12.00
# Visual Studio 2013
VisualStudioVersion = 12.0.30501.0
MinimumVisualStudioVersion = 10.0.40219.1
Project("{FAE04EC0-301F-11D3-BF4B-00C04F79EFBC}") = "EventStore", "EventStore\EventStore.csproj", "{93FA69C1-B9D7-49A8-8CB0-8BC0B171F507}"
EndProject
Project("{FAE04EC0-301F-11D3-BF4B-00C04F79EFBC}") = "EventStore.Test", "EventStore.Test\EventStore.Test.csproj", "{1D2A32E7-7FB4-4ECA-AB44-FF918BE6B193}"
EndProject
Global
	GlobalSection(SolutionConfigurationPlatforms) = preSolution
		Debug|Any CPU = Debug|Any CPU
		Release|Any CPU = Release|Any CPU
	EndGlobalSection
	GlobalSection(ProjectConfigurationPlatforms) = postSolution
		{93FA69C1-B9D7-49A8-8CB0-8BC0B171F507}.Debug|Any CPU.ActiveCfg = Debug|Any CPU
		{93FA69C1-B9D7-49A8-8CB0-8BC0B171F507}.Debug|Any CPU.Build.0 = Debug|Any CPU
		{93FA69C1-B9D7-49A8-8CB0-8BC0B171F507}.Release|Any CPU.ActiveCfg = Release|Any CPU
		{93FA69C1-B9D7-49A8-8CB0-8BC0B171F507}.Release|Any CPU.Build.0 = Release|Any CPU
		{1D2A32E7-7FB4-4ECA-AB44-FF918BE6B193}.Debug|Any CPU.ActiveCfg = Debug|Any CPU
		{1D2A32E7-7FB4-4ECA-AB44-FF918BE6B193}.Debug|Any CPU.Build.0 = Debug|Any CPU
		{1D2A32E7-7FB4-4ECA-AB44-FF918BE6B193}.Release|Any CPU.ActiveCfg = Release|Any CPU
		{1D2A32E7-7FB4-4ECA-AB44-FF918BE6B193}.Release|Any CPU.Build.0 = Release|Any CPU
	EndGlobalSection
	GlobalSection(SolutionProperties) = preSolution
		HideSolutionNode = FALSE
	EndGlobalSection
EndGlobal
